
Microsoft Visual Studio Solution File, Format Version 12.00
# Visual Studio Version 17
VisualStudioVersion = 17.4.33122.133
MinimumVisualStudioVersion = 10.0.40219.1
Project("{FAE04EC0-301F-11D3-BF4B-00C04F79EFBC}") = "ACUtils.AXRepository", "ACUtils.AXRepository.csproj", "{5FAD3FC6-FB2C-4D31-8926-8D6A818660B1}"
EndProject
Global
	GlobalSection(SolutionConfigurationPlatforms) = preSolution
		Debug|Any CPU = Debug|Any CPU
		Release|Any CPU = Release|Any CPU
	EndGlobalSection
	GlobalSection(ProjectConfigurationPlatforms) = postSolution
		{5FAD3FC6-FB2C-4D31-8926-8D6A818660B1}.Debug|Any CPU.ActiveCfg = Debug|Any CPU
		{5FAD3FC6-FB2C-4D31-8926-8D6A818660B1}.Debug|Any CPU.Build.0 = Debug|Any CPU
		{5FAD3FC6-FB2C-4D31-8926-8D6A818660B1}.Release|Any CPU.ActiveCfg = Release|Any CPU
		{5FAD3FC6-FB2C-4D31-8926-8D6A818660B1}.Release|Any CPU.Build.0 = Release|Any CPU
	EndGlobalSection
	GlobalSection(SolutionProperties) = preSolution
		HideSolutionNode = FALSE
	EndGlobalSection
	GlobalSection(ExtensibilityGlobals) = postSolution
		SolutionGuid = {09016113-85E0-4317-B30A-68275AA044D8}
	EndGlobalSection
EndGlobal
